{
    "name": "play-with-javascript",
    "version": "1.0.0.",
    "lockfileVersion": 1,
    "requires": true,
    "dependencies": {
        "fullstack-tng-greet": {
            "version": "2.0.0",
            "resolved": "https://registry.npmjs.org/fullstack-tng-greet/-/fullstack-tng-greet-2.0.0.tgz",
            "integrity": "sha512-ABhoMhl7yqjQAzvPOwDlwuko1LpfmOfa3zx/OKO2F7nhMTtByrb21iCTHJLnQgIcM+L9YtvoIUzfDh+C2aLx5g=="
        },
        "lodash": {
            "version": "4.17.20",
            "resolved": "https://registry.npmjs.org/lodash/-/lodash-4.17.20.tgz",
            "integrity": "sha512-PlhdFcillOINfeV7Ni6oF1TAEayyZBoZ8bcshTHqOYJYlrqzRK5hagpagky5o4HfCzzd1TRkXPMFq6cKk9rGmA=="
        }
    }
}
